// !$*UTF8*$!
{
	archiveVersion = 1;
	classes = {
	};
	objectVersion = 50;
	objects = {

/* Begin PBXBuildFile section */
		37AFFADA25DE5E4100E52897 /* AppDelegate.m in Sources */ = {isa = PBXBuildFile; fileRef = 37AFFAD925DE5E4100E52897 /* AppDelegate.m */; };
		37AFFADD25DE5E4100E52897 /* SceneDelegate.m in Sources */ = {isa = PBXBuildFile; fileRef = 37AFFADC25DE5E4100E52897 /* SceneDelegate.m */; };
		37AFFAE025DE5E4100E52897 /* ViewController.m in Sources */ = {isa = PBXBuildFile; fileRef = 37AFFADF25DE5E4100E52897 /* ViewController.m */; };
		37AFFAE325DE5E4100E52897 /* Main.storyboard in Resources */ = {isa = PBXBuildFile; fileRef = 37AFFAE125DE5E4100E52897 /* Main.storyboard */; };
		37AFFAE525DE5E4300E52897 /* Assets.xcassets in Resources */ = {isa = PBXBuildFile; fileRef = 37AFFAE425DE5E4300E52897 /* Assets.xcassets */; };
		37AFFAE825DE5E4300E52897 /* LaunchScreen.storyboard in Resources */ = {isa = PBXBuildFile; fileRef = 37AFFAE625DE5E4300E52897 /* LaunchScreen.storyboard */; };
		37AFFAEB25DE5E4300E52897 /* main.m in Sources */ = {isa = PBXBuildFile; fileRef = 37AFFAEA25DE5E4300E52897 /* main.m */; };
		37AFFAF525DE5E4400E52897 /* DemoTests.m in Sources */ = {isa = PBXBuildFile; fileRef = 37AFFAF425DE5E4400E52897 /* DemoTests.m */; };
		37AFFB0025DE5E4400E52897 /* DemoUITests.m in Sources */ = {isa = PBXBuildFile; fileRef = 37AFFAFF25DE5E4400E52897 /* DemoUITests.m */; };
		37AFFC1825DE793800E52897 /* libc++.tbd in Frameworks */ = {isa = PBXBuildFile; fileRef = 37AFFC1725DE793800E52897 /* libc++.tbd */; };
		37AFFCB425DF5E9B00E52897 /* OneLib.framework in Frameworks */ = {isa = PBXBuildFile; fileRef = 37AFFC7D25DF596900E52897 /* OneLib.framework */; };
		37AFFCB525DF5E9B00E52897 /* OneLib.framework in Embed Frameworks */ = {isa = PBXBuildFile; fileRef = 37AFFC7D25DF596900E52897 /* OneLib.framework */; settings = {ATTRIBUTES = (CodeSignOnCopy, RemoveHeadersOnCopy, ); }; };
		37AFFCB725DF5E9C00E52897 /* TwoLin.framework in Frameworks */ = {isa = PBXBuildFile; fileRef = 37AFFC7F25DF596900E52897 /* TwoLin.framework */; };
		37AFFCB825DF5E9C00E52897 /* TwoLin.framework in Embed Frameworks */ = {isa = PBXBuildFile; fileRef = 37AFFC7F25DF596900E52897 /* TwoLin.framework */; settings = {ATTRIBUTES = (CodeSignOnCopy, RemoveHeadersOnCopy, ); }; };
		523C57BA95A9A149C1E54456 /* libPods-Demo.a in Frameworks */ = {isa = PBXBuildFile; fileRef = F448BF8F2C172EA260828B97 /* libPods-Demo.a */; };
/* End PBXBuildFile section */

/* Begin PBXContainerItemProxy section */
		37AFFAF125DE5E4400E52897 /* PBXContainerItemProxy */ = {
			isa = PBXContainerItemProxy;
			containerPortal = 37AFFACD25DE5E4100E52897 /* Project object */;
			proxyType = 1;
			remoteGlobalIDString = 37AFFAD425DE5E4100E52897;
			remoteInfo = Demo;
		};
		37AFFAFC25DE5E4400E52897 /* PBXContainerItemProxy */ = {
			isa = PBXContainerItemProxy;
			containerPortal = 37AFFACD25DE5E4100E52897 /* Project object */;
			proxyType = 1;
			remoteGlobalIDString = 37AFFAD425DE5E4100E52897;
			remoteInfo = Demo;
		};
/* End PBXContainerItemProxy section */

/* Begin PBXCopyFilesBuildPhase section */
		37AFFCB625DF5E9B00E52897 /* Embed Frameworks */ = {
			isa = PBXCopyFilesBuildPhase;
			buildActionMask = 2147483647;
			dstPath = "";
			dstSubfolderSpec = 10;
			files = (
				37AFFCB525DF5E9B00E52897 /* OneLib.framework in Embed Frameworks */,
				37AFFCB825DF5E9C00E52897 /* TwoLin.framework in Embed Frameworks */,
			);
			name = "Embed Frameworks";
			runOnlyForDeploymentPostprocessing = 0;
		};
/* End PBXCopyFilesBuildPhase section */

/* Begin PBXFileReference section */
		37AFFAD525DE5E4100E52897 /* Demo.app */ = {isa = PBXFileReference; explicitFileType = wrapper.application; includeInIndex = 0; path = Demo.app; sourceTree = BUILT_PRODUCTS_DIR; };
		37AFFAD825DE5E4100E52897 /* AppDelegate.h */ = {isa = PBXFileReference; lastKnownFileType = sourcecode.c.h; path = AppDelegate.h; sourceTree = "<group>"; };
		37AFFAD925DE5E4100E52897 /* AppDelegate.m */ = {isa = PBXFileReference; lastKnownFileType = sourcecode.c.objc; path = AppDelegate.m; sourceTree = "<group>"; };
		37AFFADB25DE5E4100E52897 /* SceneDelegate.h */ = {isa = PBXFileReference; lastKnownFileType = sourcecode.c.h; path = SceneDelegate.h; sourceTree = "<group>"; };
		37AFFADC25DE5E4100E52897 /* SceneDelegate.m */ = {isa = PBXFileReference; lastKnownFileType = sourcecode.c.objc; path = SceneDelegate.m; sourceTree = "<group>"; };
		37AFFADE25DE5E4100E52897 /* ViewController.h */ = {isa = PBXFileReference; lastKnownFileType = sourcecode.c.h; path = ViewController.h; sourceTree = "<group>"; };
		37AFFADF25DE5E4100E52897 /* ViewController.m */ = {isa = PBXFileReference; lastKnownFileType = sourcecode.c.objc; path = ViewController.m; sourceTree = "<group>"; };
		37AFFAE225DE5E4100E52897 /* Base */ = {isa = PBXFileReference; lastKnownFileType = file.storyboard; name = Base; path = Base.lproj/Main.storyboard; sourceTree = "<group>"; };
		37AFFAE425DE5E4300E52897 /* Assets.xcassets */ = {isa = PBXFileReference; lastKnownFileType = folder.assetcatalog; path = Assets.xcassets; sourceTree = "<group>"; };
		37AFFAE725DE5E4300E52897 /* Base */ = {isa = PBXFileReference; lastKnownFileType = file.storyboard; name = Base; path = Base.lproj/LaunchScreen.storyboard; sourceTree = "<group>"; };
		37AFFAE925DE5E4300E52897 /* Info.plist */ = {isa = PBXFileReference; lastKnownFileType = text.plist.xml; path = Info.plist; sourceTree = "<group>"; };
		37AFFAEA25DE5E4300E52897 /* main.m */ = {isa = PBXFileReference; lastKnownFileType = sourcecode.c.objc; path = main.m; sourceTree = "<group>"; };
		37AFFAF025DE5E4400E52897 /* DemoTests.xctest */ = {isa = PBXFileReference; explicitFileType = wrapper.cfbundle; includeInIndex = 0; path = DemoTests.xctest; sourceTree = BUILT_PRODUCTS_DIR; };
		37AFFAF425DE5E4400E52897 /* DemoTests.m */ = {isa = PBXFileReference; lastKnownFileType = sourcecode.c.objc; path = DemoTests.m; sourceTree = "<group>"; };
		37AFFAF625DE5E4400E52897 /* Info.plist */ = {isa = PBXFileReference; lastKnownFileType = text.plist.xml; path = Info.plist; sourceTree = "<group>"; };
		37AFFAFB25DE5E4400E52897 /* DemoUITests.xctest */ = {isa = PBXFileReference; explicitFileType = wrapper.cfbundle; includeInIndex = 0; path = DemoUITests.xctest; sourceTree = BUILT_PRODUCTS_DIR; };
		37AFFAFF25DE5E4400E52897 /* DemoUITests.m */ = {isa = PBXFileReference; lastKnownFileType = sourcecode.c.objc; path = DemoUITests.m; sourceTree = "<group>"; };
		37AFFB0125DE5E4400E52897 /* Info.plist */ = {isa = PBXFileReference; lastKnownFileType = text.plist.xml; path = Info.plist; sourceTree = "<group>"; };
		37AFFC1725DE793800E52897 /* libc++.tbd */ = {isa = PBXFileReference; lastKnownFileType = "sourcecode.text-based-dylib-definition"; name = "libc++.tbd"; path = "usr/lib/libc++.tbd"; sourceTree = SDKROOT; };
		37AFFC7D25DF596900E52897 /* OneLib.framework */ = {isa = PBXFileReference; explicitFileType = wrapper.framework; path = OneLib.framework; sourceTree = BUILT_PRODUCTS_DIR; };
		37AFFC7F25DF596900E52897 /* TwoLin.framework */ = {isa = PBXFileReference; explicitFileType = wrapper.framework; path = TwoLin.framework; sourceTree = BUILT_PRODUCTS_DIR; };
		588F4AA493C4D0424563BFF7 /* Pods-Demo.debug.xcconfig */ = {isa = PBXFileReference; includeInIndex = 1; lastKnownFileType = text.xcconfig; name = "Pods-Demo.debug.xcconfig"; path = "Target Support Files/Pods-Demo/Pods-Demo.debug.xcconfig"; sourceTree = "<group>"; };
		A2234475066CCCA94C085D2F /* Pods-Demo.release.xcconfig */ = {isa = PBXFileReference; includeInIndex = 1; lastKnownFileType = text.xcconfig; name = "Pods-Demo.release.xcconfig"; path = "Target Support Files/Pods-Demo/Pods-Demo.release.xcconfig"; sourceTree = "<group>"; };
		F448BF8F2C172EA260828B97 /* libPods-Demo.a */ = {isa = PBXFileReference; explicitFileType = archive.ar; includeInIndex = 0; path = "libPods-Demo.a"; sourceTree = BUILT_PRODUCTS_DIR; };
/* End PBXFileReference section */

/* Begin PBXFrameworksBuildPhase section */
		37AFFAD225DE5E4100E52897 /* Frameworks */ = {
			isa = PBXFrameworksBuildPhase;
			buildActionMask = 2147483647;
			files = (
				37AFFCB425DF5E9B00E52897 /* OneLib.framework in Frameworks */,
				37AFFCB725DF5E9C00E52897 /* TwoLin.framework in Frameworks */,
				37AFFC1825DE793800E52897 /* libc++.tbd in Frameworks */,
				523C57BA95A9A149C1E54456 /* libPods-Demo.a in Frameworks */,
			);
			runOnlyForDeploymentPostprocessing = 0;
		};
		37AFFAED25DE5E4400E52897 /* Frameworks */ = {
			isa = PBXFrameworksBuildPhase;
			buildActionMask = 2147483647;
			files = (
			);
			runOnlyForDeploymentPostprocessing = 0;
		};
		37AFFAF825DE5E4400E52897 /* Frameworks */ = {
			isa = PBXFrameworksBuildPhase;
			buildActionMask = 2147483647;
			files = (
			);
			runOnlyForDeploymentPostprocessing = 0;
		};
/* End PBXFrameworksBuildPhase section */

/* Begin PBXGroup section */
		1864FC733BFDEDBB4BED5B8F /* Frameworks */ = {
			isa = PBXGroup;
			children = (
				37AFFC7D25DF596900E52897 /* OneLib.framework */,
				37AFFC7F25DF596900E52897 /* TwoLin.framework */,
				37AFFC1725DE793800E52897 /* libc++.tbd */,
				F448BF8F2C172EA260828B97 /* libPods-Demo.a */,
			);
			name = Frameworks;
			sourceTree = "<group>";
		};
		37AFFACC25DE5E4100E52897 = {
			isa = PBXGroup;
			children = (
				37AFFAD725DE5E4100E52897 /* Demo */,
				37AFFAF325DE5E4400E52897 /* DemoTests */,
				37AFFAFE25DE5E4400E52897 /* DemoUITests */,
				37AFFAD625DE5E4100E52897 /* Products */,
				EFBF6222F5E5C7F8571CC101 /* Pods */,
				1864FC733BFDEDBB4BED5B8F /* Frameworks */,
			);
			sourceTree = "<group>";
		};
		37AFFAD625DE5E4100E52897 /* Products */ = {
			isa = PBXGroup;
			children = (
				37AFFAD525DE5E4100E52897 /* Demo.app */,
				37AFFAF025DE5E4400E52897 /* DemoTests.xctest */,
				37AFFAFB25DE5E4400E52897 /* DemoUITests.xctest */,
			);
			name = Products;
			sourceTree = "<group>";
		};
		37AFFAD725DE5E4100E52897 /* Demo */ = {
			isa = PBXGroup;
			children = (
				37AFFAD825DE5E4100E52897 /* AppDelegate.h */,
				37AFFAD925DE5E4100E52897 /* AppDelegate.m */,
				37AFFADB25DE5E4100E52897 /* SceneDelegate.h */,
				37AFFADC25DE5E4100E52897 /* SceneDelegate.m */,
				37AFFADE25DE5E4100E52897 /* ViewController.h */,
				37AFFADF25DE5E4100E52897 /* ViewController.m */,
				37AFFAE125DE5E4100E52897 /* Main.storyboard */,
				37AFFAE425DE5E4300E52897 /* Assets.xcassets */,
				37AFFAE625DE5E4300E52897 /* LaunchScreen.storyboard */,
				37AFFAE925DE5E4300E52897 /* Info.plist */,
				37AFFAEA25DE5E4300E52897 /* main.m */,
			);
			path = Demo;
			sourceTree = "<group>";
		};
		37AFFAF325DE5E4400E52897 /* DemoTests */ = {
			isa = PBXGroup;
			children = (
				37AFFAF425DE5E4400E52897 /* DemoTests.m */,
				37AFFAF625DE5E4400E52897 /* Info.plist */,
			);
			path = DemoTests;
			sourceTree = "<group>";
		};
		37AFFAFE25DE5E4400E52897 /* DemoUITests */ = {
			isa = PBXGroup;
			children = (
				37AFFAFF25DE5E4400E52897 /* DemoUITests.m */,
				37AFFB0125DE5E4400E52897 /* Info.plist */,
			);
			path = DemoUITests;
			sourceTree = "<group>";
		};
		EFBF6222F5E5C7F8571CC101 /* Pods */ = {
			isa = PBXGroup;
			children = (
				588F4AA493C4D0424563BFF7 /* Pods-Demo.debug.xcconfig */,
				A2234475066CCCA94C085D2F /* Pods-Demo.release.xcconfig */,
			);
			path = Pods;
			sourceTree = "<group>";
		};
/* End PBXGroup section */

/* Begin PBXNativeTarget section */
		37AFFAD425DE5E4100E52897 /* Demo */ = {
			isa = PBXNativeTarget;
			buildConfigurationList = 37AFFB0425DE5E4400E52897 /* Build configuration list for PBXNativeTarget "Demo" */;
			buildPhases = (
				FD84567E4BA50DEA1E561060 /* [CP] Check Pods Manifest.lock */,
				37AFFAD125DE5E4100E52897 /* Sources */,
				37AFFAD225DE5E4100E52897 /* Frameworks */,
				37AFFAD325DE5E4100E52897 /* Resources */,
				1DC04362A6C779FD10BD7CD9 /* [CP] Copy Pods Resources */,
				37AFFCB625DF5E9B00E52897 /* Embed Frameworks */,
			);
			buildRules = (
			);
			dependencies = (
			);
			name = Demo;
			productName = Demo;
			productReference = 37AFFAD525DE5E4100E52897 /* Demo.app */;
			productType = "com.apple.product-type.application";
		};
		37AFFAEF25DE5E4400E52897 /* DemoTests */ = {
			isa = PBXNativeTarget;
			buildConfigurationList = 37AFFB0725DE5E4400E52897 /* Build configuration list for PBXNativeTarget "DemoTests" */;
			buildPhases = (
				37AFFAEC25DE5E4400E52897 /* Sources */,
				37AFFAED25DE5E4400E52897 /* Frameworks */,
				37AFFAEE25DE5E4400E52897 /* Resources */,
			);
			buildRules = (
			);
			dependencies = (
				37AFFAF225DE5E4400E52897 /* PBXTargetDependency */,
			);
			name = DemoTests;
			productName = DemoTests;
			productReference = 37AFFAF025DE5E4400E52897 /* DemoTests.xctest */;
			productType = "com.apple.product-type.bundle.unit-test";
		};
		37AFFAFA25DE5E4400E52897 /* DemoUITests */ = {
			isa = PBXNativeTarget;
			buildConfigurationList = 37AFFB0A25DE5E4400E52897 /* Build configuration list for PBXNativeTarget "DemoUITests" */;
			buildPhases = (
				37AFFAF725DE5E4400E52897 /* Sources */,
				37AFFAF825DE5E4400E52897 /* Frameworks */,
				37AFFAF925DE5E4400E52897 /* Resources */,
			);
			buildRules = (
			);
			dependencies = (
				37AFFAFD25DE5E4400E52897 /* PBXTargetDependency */,
			);
			name = DemoUITests;
			productName = DemoUITests;
			productReference = 37AFFAFB25DE5E4400E52897 /* DemoUITests.xctest */;
			productType = "com.apple.product-type.bundle.ui-testing";
		};
/* End PBXNativeTarget section */

/* Begin PBXProject section */
		37AFFACD25DE5E4100E52897 /* Project object */ = {
			isa = PBXProject;
			attributes = {
				LastUpgradeCheck = 1220;
				TargetAttributes = {
					37AFFAD425DE5E4100E52897 = {
						CreatedOnToolsVersion = 12.2;
					};
					37AFFAEF25DE5E4400E52897 = {
						CreatedOnToolsVersion = 12.2;
						TestTargetID = 37AFFAD425DE5E4100E52897;
					};
					37AFFAFA25DE5E4400E52897 = {
						CreatedOnToolsVersion = 12.2;
						TestTargetID = 37AFFAD425DE5E4100E52897;
					};
				};
			};
			buildConfigurationList = 37AFFAD025DE5E4100E52897 /* Build configuration list for PBXProject "Demo" */;
			compatibilityVersion = "Xcode 9.3";
			developmentRegion = en;
			hasScannedForEncodings = 0;
			knownRegions = (
				en,
				Base,
			);
			mainGroup = 37AFFACC25DE5E4100E52897;
			productRefGroup = 37AFFAD625DE5E4100E52897 /* Products */;
			projectDirPath = "";
			projectRoot = "";
			targets = (
				37AFFAD425DE5E4100E52897 /* Demo */,
				37AFFAEF25DE5E4400E52897 /* DemoTests */,
				37AFFAFA25DE5E4400E52897 /* DemoUITests */,
			);
		};
/* End PBXProject section */

/* Begin PBXResourcesBuildPhase section */
		37AFFAD325DE5E4100E52897 /* Resources */ = {
			isa = PBXResourcesBuildPhase;
			buildActionMask = 2147483647;
			files = (
				37AFFAE825DE5E4300E52897 /* LaunchScreen.storyboard in Resources */,
				37AFFAE525DE5E4300E52897 /* Assets.xcassets in Resources */,
				37AFFAE325DE5E4100E52897 /* Main.storyboard in Resources */,
			);
			runOnlyForDeploymentPostprocessing = 0;
		};
		37AFFAEE25DE5E4400E52897 /* Resources */ = {
			isa = PBXResourcesBuildPhase;
			buildActionMask = 2147483647;
			files = (
			);
			runOnlyForDeploymentPostprocessing = 0;
		};
		37AFFAF925DE5E4400E52897 /* Resources */ = {
			isa = PBXResourcesBuildPhase;
			buildActionMask = 2147483647;
			files = (
			);
			runOnlyForDeploymentPostprocessing = 0;
		};
/* End PBXResourcesBuildPhase section */

/* Begin PBXShellScriptBuildPhase section */
		1DC04362A6C779FD10BD7CD9 /* [CP] Copy Pods Resources */ = {
			isa = PBXShellScriptBuildPhase;
			buildActionMask = 2147483647;
			files = (
			);
			inputFileListPaths = (
			);
			name = "[CP] Copy Pods Resources";
			outputFileListPaths = (
			);
			runOnlyForDeploymentPostprocessing = 0;
			shellPath = /bin/sh;
			shellScript = "\"${PODS_ROOT}/Target Support Files/Pods-Demo/Pods-Demo-resources.sh\"\n";
			showEnvVarsInLog = 0;
		};
		FD84567E4BA50DEA1E561060 /* [CP] Check Pods Manifest.lock */ = {
			isa = PBXShellScriptBuildPhase;
			buildActionMask = 2147483647;
			files = (
			);
			inputFileListPaths = (
			);
			inputPaths = (
				"${PODS_PODFILE_DIR_PATH}/Podfile.lock",
				"${PODS_ROOT}/Manifest.lock",
			);
			name = "[CP] Check Pods Manifest.lock";
			outputFileListPaths = (
			);
			outputPaths = (
				"$(DERIVED_FILE_DIR)/Pods-Demo-checkManifestLockResult.txt",
			);
			runOnlyForDeploymentPostprocessing = 0;
			shellPath = /bin/sh;
			shellScript = "diff \"${PODS_PODFILE_DIR_PATH}/Podfile.lock\" \"${PODS_ROOT}/Manifest.lock\" > /dev/null\nif [ $? != 0 ] ; then\n    # print error to STDERR\n    echo \"error: The sandbox is not in sync with the Podfile.lock. Run 'pod install' or update your CocoaPods installation.\" >&2\n    exit 1\nfi\n# This output is used by Xcode 'outputs' to avoid re-running this script phase.\necho \"SUCCESS\" > \"${SCRIPT_OUTPUT_FILE_0}\"\n";
			showEnvVarsInLog = 0;
		};
/* End PBXShellScriptBuildPhase section */

/* Begin PBXSourcesBuildPhase section */
		37AFFAD125DE5E4100E52897 /* Sources */ = {
			isa = PBXSourcesBuildPhase;
			buildActionMask = 2147483647;
			files = (
				37AFFAE025DE5E4100E52897 /* ViewController.m in Sources */,
				37AFFADA25DE5E4100E52897 /* AppDelegate.m in Sources */,
				37AFFAEB25DE5E4300E52897 /* main.m in Sources */,
				37AFFADD25DE5E4100E52897 /* SceneDelegate.m in Sources */,
			);
			runOnlyForDeploymentPostprocessing = 0;
		};
		37AFFAEC25DE5E4400E52897 /* Sources */ = {
			isa = PBXSourcesBuildPhase;
			buildActionMask = 2147483647;
			files = (
				37AFFAF525DE5E4400E52897 /* DemoTests.m in Sources */,
			);
			runOnlyForDeploymentPostprocessing = 0;
		};
		37AFFAF725DE5E4400E52897 /* Sources */ = {
			isa = PBXSourcesBuildPhase;
			buildActionMask = 2147483647;
			files = (
				37AFFB0025DE5E4400E52897 /* DemoUITests.m in Sources */,
			);
			runOnlyForDeploymentPostprocessing = 0;
		};
/* End PBXSourcesBuildPhase section */

/* Begin PBXTargetDependency section */
		37AFFAF225DE5E4400E52897 /* PBXTargetDependency */ = {
			isa = PBXTargetDependency;
			target = 37AFFAD425DE5E4100E52897 /* Demo */;
			targetProxy = 37AFFAF125DE5E4400E52897 /* PBXContainerItemProxy */;
		};
		37AFFAFD25DE5E4400E52897 /* PBXTargetDependency */ = {
			isa = PBXTargetDependency;
			target = 37AFFAD425DE5E4100E52897 /* Demo */;
			targetProxy = 37AFFAFC25DE5E4400E52897 /* PBXContainerItemProxy */;
		};
/* End PBXTargetDependency section */

/* Begin PBXVariantGroup section */
		37AFFAE125DE5E4100E52897 /* Main.storyboard */ = {
			isa = PBXVariantGroup;
			children = (
				37AFFAE225DE5E4100E52897 /* Base */,
			);
			name = Main.storyboard;
			sourceTree = "<group>";
		};
		37AFFAE625DE5E4300E52897 /* LaunchScreen.storyboard */ = {
			isa = PBXVariantGroup;
			children = (
				37AFFAE725DE5E4300E52897 /* Base */,
			);
			name = LaunchScreen.storyboard;
			sourceTree = "<group>";
		};
/* End PBXVariantGroup section */

/* Begin XCBuildConfiguration section */
		37AFFB0225DE5E4400E52897 /* Debug */ = {
			isa = XCBuildConfiguration;
			buildSettings = {
				ALWAYS_SEARCH_USER_PATHS = NO;
				CLANG_ANALYZER_NONNULL = YES;
				CLANG_ANALYZER_NUMBER_OBJECT_CONVERSION = YES_AGGRESSIVE;
				CLANG_CXX_LANGUAGE_STANDARD = "gnu++14";
				CLANG_CXX_LIBRARY = "libc++";
				CLANG_ENABLE_MODULES = YES;
				CLANG_ENABLE_OBJC_ARC = YES;
				CLANG_ENABLE_OBJC_WEAK = YES;
				CLANG_WARN_BLOCK_CAPTURE_AUTORELEASING = YES;
				CLANG_WARN_BOOL_CONVERSION = YES;
				CLANG_WARN_COMMA = YES;
				CLANG_WARN_CONSTANT_CONVERSION = YES;
				CLANG_WARN_DEPRECATED_OBJC_IMPLEMENTATIONS = YES;
				CLANG_WARN_DIRECT_OBJC_ISA_USAGE = YES_ERROR;
				CLANG_WARN_DOCUMENTATION_COMMENTS = YES;
				CLANG_WARN_EMPTY_BODY = YES;
				CLANG_WARN_ENUM_CONVERSION = YES;
				CLANG_WARN_INFINITE_RECURSION = YES;
				CLANG_WARN_INT_CONVERSION = YES;
				CLANG_WARN_NON_LITERAL_NULL_CONVERSION = YES;
				CLANG_WARN_OBJC_IMPLICIT_RETAIN_SELF = YES;
				CLANG_WARN_OBJC_LITERAL_CONVERSION = YES;
				CLANG_WARN_OBJC_ROOT_CLASS = YES_ERROR;
				CLANG_WARN_QUOTED_INCLUDE_IN_FRAMEWORK_HEADER = YES;
				CLANG_WARN_RANGE_LOOP_ANALYSIS = YES;
				CLANG_WARN_STRICT_PROTOTYPES = YES;
				CLANG_WARN_SUSPICIOUS_MOVE = YES;
				CLANG_WARN_UNGUARDED_AVAILABILITY = YES_AGGRESSIVE;
				CLANG_WARN_UNREACHABLE_CODE = YES;
				CLANG_WARN__DUPLICATE_METHOD_MATCH = YES;
				COPY_PHASE_STRIP = NO;
				DEBUG_INFORMATION_FORMAT = dwarf;
				ENABLE_STRICT_OBJC_MSGSEND = YES;
				ENABLE_TESTABILITY = YES;
				GCC_C_LANGUAGE_STANDARD = gnu11;
				GCC_DYNAMIC_NO_PIC = NO;
				GCC_NO_COMMON_BLOCKS = YES;
				GCC_OPTIMIZATION_LEVEL = 0;
				GCC_PREPROCESSOR_DEFINITIONS = (
					"DEBUG=1",
					"$(inherited)",
				);
				GCC_WARN_64_TO_32_BIT_CONVERSION = YES;
				GCC_WARN_ABOUT_RETURN_TYPE = YES_ERROR;
				GCC_WARN_UNDECLARED_SELECTOR = YES;
				GCC_WARN_UNINITIALIZED_AUTOS = YES_AGGRESSIVE;
				GCC_WARN_UNUSED_FUNCTION = YES;
				GCC_WARN_UNUSED_VARIABLE = YES;
				IPHONEOS_DEPLOYMENT_TARGET = 13.1;
				MTL_ENABLE_DEBUG_INFO = INCLUDE_SOURCE;
				MTL_FAST_MATH = YES;
				ONLY_ACTIVE_ARCH = YES;
				SDKROOT = iphoneos;
			};
			name = Debug;
		};
		37AFFB0325DE5E4400E52897 /* Release */ = {
			isa = XCBuildConfiguration;
			buildSettings = {
				ALWAYS_SEARCH_USER_PATHS = NO;
				CLANG_ANALYZER_NONNULL = YES;
				CLANG_ANALYZER_NUMBER_OBJECT_CONVERSION = YES_AGGRESSIVE;
				CLANG_CXX_LANGUAGE_STANDARD = "gnu++14";
				CLANG_CXX_LIBRARY = "libc++";
				CLANG_ENABLE_MODULES = YES;
				CLANG_ENABLE_OBJC_ARC = YES;
				CLANG_ENABLE_OBJC_WEAK = YES;
				CLANG_WARN_BLOCK_CAPTURE_AUTORELEASING = YES;
				CLANG_WARN_BOOL_CONVERSION = YES;
				CLANG_WARN_COMMA = YES;
				CLANG_WARN_CONSTANT_CONVERSION = YES;
				CLANG_WARN_DEPRECATED_OBJC_IMPLEMENTATIONS = YES;
				CLANG_WARN_DIRECT_OBJC_ISA_USAGE = YES_ERROR;
				CLANG_WARN_DOCUMENTATION_COMMENTS = YES;
				CLANG_WARN_EMPTY_BODY = YES;
				CLANG_WARN_ENUM_CONVERSION = YES;
				CLANG_WARN_INFINITE_RECURSION = YES;
				CLANG_WARN_INT_CONVERSION = YES;
				CLANG_WARN_NON_LITERAL_NULL_CONVERSION = YES;
				CLANG_WARN_OBJC_IMPLICIT_RETAIN_SELF = YES;
				CLANG_WARN_OBJC_LITERAL_CONVERSION = YES;
				CLANG_WARN_OBJC_ROOT_CLASS = YES_ERROR;
				CLANG_WARN_QUOTED_INCLUDE_IN_FRAMEWORK_HEADER = YES;
				CLANG_WARN_RANGE_LOOP_ANALYSIS = YES;
				CLANG_WARN_STRICT_PROTOTYPES = YES;
				CLANG_WARN_SUSPICIOUS_MOVE = YES;
				CLANG_WARN_UNGUARDED_AVAILABILITY = YES_AGGRESSIVE;
				CLANG_WARN_UNREACHABLE_CODE = YES;
				CLANG_WARN__DUPLICATE_METHOD_MATCH = YES;
				COPY_PHASE_STRIP = NO;
				DEBUG_INFORMATION_FORMAT = "dwarf-with-dsym";
				ENABLE_NS_ASSERTIONS = NO;
				ENABLE_STRICT_OBJC_MSGSEND = YES;
				GCC_C_LANGUAGE_STANDARD = gnu11;
				GCC_NO_COMMON_BLOCKS = YES;
				GCC_WARN_64_TO_32_BIT_CONVERSION = YES;
				GCC_WARN_ABOUT_RETURN_TYPE = YES_ERROR;
				GCC_WARN_UNDECLARED_SELECTOR = YES;
				GCC_WARN_UNINITIALIZED_AUTOS = YES_AGGRESSIVE;
				GCC_WARN_UNUSED_FUNCTION = YES;
				GCC_WARN_UNUSED_VARIABLE = YES;
				IPHONEOS_DEPLOYMENT_TARGET = 13.1;
				MTL_ENABLE_DEBUG_INFO = NO;
				MTL_FAST_MATH = YES;
				SDKROOT = iphoneos;
				VALIDATE_PRODUCT = YES;
			};
			name = Release;
		};
		37AFFB0525DE5E4400E52897 /* Debug */ = {
			isa = XCBuildConfiguration;
			baseConfigurationReference = 588F4AA493C4D0424563BFF7 /* Pods-Demo.debug.xcconfig */;
			buildSettings = {
				ARCHS = "$(ARCHS_STANDARD)";
				ASSETCATALOG_COMPILER_APPICON_NAME = AppIcon;
				ASSETCATALOG_COMPILER_GLOBAL_ACCENT_COLOR_NAME = AccentColor;
				CODE_SIGN_STYLE = Automatic;
				DEVELOPMENT_TEAM = 5AV2RGU278;
				FRAMEWORK_SEARCH_PATHS = "$(inherited)";
				HEADER_SEARCH_PATHS = (
					"$(inherited)",
					"\"${PODS_ROOT}/Headers/Public\"",
					"\"${PODS_ROOT}/Headers/Public/FMDB\"",
					"\"${PODS_ROOT}/Headers/Public/SVProgressHUD\"",
					"\"$(SRCROOT)/../TwoLin\"",
					"\"$(SRCROOT)/../OneLib\"",
				);
				INFOPLIST_FILE = Demo/Info.plist;
				LD_RUNPATH_SEARCH_PATHS = (
					"$(inherited)",
					"@executable_path/Frameworks",
				);
				LIBRARY_SEARCH_PATHS = (
					"$(inherited)",
					"\"${PODS_CONFIGURATION_BUILD_DIR}/FMDB\"",
					"\"${PODS_CONFIGURATION_BUILD_DIR}/SVProgressHUD\"",
				);
				PRODUCT_BUNDLE_IDENTIFIER = com.penguinliu.www;
				PRODUCT_NAME = "$(TARGET_NAME)";
				TARGETED_DEVICE_FAMILY = "1,2";
			};
			name = Debug;
		};
		37AFFB0625DE5E4400E52897 /* Release */ = {
			isa = XCBuildConfiguration;
			baseConfigurationReference = A2234475066CCCA94C085D2F /* Pods-Demo.release.xcconfig */;
			buildSettings = {
				ARCHS = "$(ARCHS_STANDARD)";
				ASSETCATALOG_COMPILER_APPICON_NAME = AppIcon;
				ASSETCATALOG_COMPILER_GLOBAL_ACCENT_COLOR_NAME = AccentColor;
				CODE_SIGN_STYLE = Automatic;
				DEVELOPMENT_TEAM = 5AV2RGU278;
				FRAMEWORK_SEARCH_PATHS = "$(inherited)";
				HEADER_SEARCH_PATHS = (
					"$(inherited)",
					"\"${PODS_ROOT}/Headers/Public\"",
					"\"${PODS_ROOT}/Headers/Public/FMDB\"",
					"\"${PODS_ROOT}/Headers/Public/SVProgressHUD\"",
					"\"$(SRCROOT)/../TwoLin\"",
					"\"$(SRCROOT)/../OneLib\"",
				);
				INFOPLIST_FILE = Demo/Info.plist;
				LD_RUNPATH_SEARCH_PATHS = (
					"$(inherited)",
					"@executable_path/Frameworks",
				);
				LIBRARY_SEARCH_PATHS = (
					"$(inherited)",
					"\"${PODS_CONFIGURATION_BUILD_DIR}/FMDB\"",
					"\"${PODS_CONFIGURATION_BUILD_DIR}/SVProgressHUD\"",
				);
				PRODUCT_BUNDLE_IDENTIFIER = com.penguinliu.www;
				PRODUCT_NAME = "$(TARGET_NAME)";
				TARGETED_DEVICE_FAMILY = "1,2";
			};
			name = Release;
		};
		37AFFB0825DE5E4400E52897 /* Debug */ = {
			isa = XCBuildConfiguration;
			buildSettings = {
				BUNDLE_LOADER = "$(TEST_HOST)";
				CODE_SIGN_STYLE = Automatic;
				INFOPLIST_FILE = DemoTests/Info.plist;
				IPHONEOS_DEPLOYMENT_TARGET = 14.2;
				LD_RUNPATH_SEARCH_PATHS = (
					"$(inherited)",
					"@executable_path/Frameworks",
					"@loader_path/Frameworks",
				);
				PRODUCT_BUNDLE_IDENTIFIER = sfsfdsfsfds.DemoTests;
				PRODUCT_NAME = "$(TARGET_NAME)";
				TARGETED_DEVICE_FAMILY = "1,2";
				TEST_HOST = "$(BUILT_PRODUCTS_DIR)/Demo.app/Demo";
			};
			name = Debug;
		};
		37AFFB0925DE5E4400E52897 /* Release */ = {
			isa = XCBuildConfiguration;
			buildSettings = {
				BUNDLE_LOADER = "$(TEST_HOST)";
				CODE_SIGN_STYLE = Automatic;
				INFOPLIST_FILE = DemoTests/Info.plist;
				IPHONEOS_DEPLOYMENT_TARGET = 14.2;
				LD_RUNPATH_SEARCH_PATHS = (
					"$(inherited)",
					"@executable_path/Frameworks",
					"@loader_path/Frameworks",
				);
				PRODUCT_BUNDLE_IDENTIFIER = sfsfdsfsfds.DemoTests;
				PRODUCT_NAME = "$(TARGET_NAME)";
				TARGETED_DEVICE_FAMILY = "1,2";
				TEST_HOST = "$(BUILT_PRODUCTS_DIR)/Demo.app/Demo";
			};
			name = Release;
		};
		37AFFB0B25DE5E4400E52897 /* Debug */ = {
			isa = XCBuildConfiguration;
			buildSettings = {
				CODE_SIGN_STYLE = Automatic;
				INFOPLIST_FILE = DemoUITests/Info.plist;
				LD_RUNPATH_SEARCH_PATHS = (
					"$(inherited)",
					"@executable_path/Frameworks",
					"@loader_path/Frameworks",
				);
				PRODUCT_BUNDLE_IDENTIFIER = sfsfdsfsfds.DemoUITests;
				PRODUCT_NAME = "$(TARGET_NAME)";
				TARGETED_DEVICE_FAMILY = "1,2";
				TEST_TARGET_NAME = Demo;
			};
			name = Debug;
		};
		37AFFB0C25DE5E4400E52897 /* Release */ = {
			isa = XCBuildConfiguration;
			buildSettings = {
				CODE_SIGN_STYLE = Automatic;
				INFOPLIST_FILE = DemoUITests/Info.plist;
				LD_RUNPATH_SEARCH_PATHS = (
					"$(inherited)",
					"@executable_path/Frameworks",
					"@loader_path/Frameworks",
				);
				PRODUCT_BUNDLE_IDENTIFIER = sfsfdsfsfds.DemoUITests;
				PRODUCT_NAME = "$(TARGET_NAME)";
				TARGETED_DEVICE_FAMILY = "1,2";
				TEST_TARGET_NAME = Demo;
			};
			name = Release;
		};
/* End XCBuildConfiguration section */

/* Begin XCConfigurationList section */
		37AFFAD025DE5E4100E52897 /* Build configuration list for PBXProject "Demo" */ = {
			isa = XCConfigurationList;
			buildConfigurations = (
				37AFFB0225DE5E4400E52897 /* Debug */,
				37AFFB0325DE5E4400E52897 /* Release */,
			);
			defaultConfigurationIsVisible = 0;
			defaultConfigurationName = Release;
		};
		37AFFB0425DE5E4400E52897 /* Build configuration list for PBXNativeTarget "Demo" */ = {
			isa = XCConfigurationList;
			buildConfigurations = (
				37AFFB0525DE5E4400E52897 /* Debug */,
				37AFFB0625DE5E4400E52897 /* Release */,
			);
			defaultConfigurationIsVisible = 0;
			defaultConfigurationName = Release;
		};
		37AFFB0725DE5E4400E52897 /* Build configuration list for PBXNativeTarget "DemoTests" */ = {
			isa = XCConfigurationList;
			buildConfigurations = (
				37AFFB0825DE5E4400E52897 /* Debug */,
				37AFFB0925DE5E4400E52897 /* Release */,
			);
			defaultConfigurationIsVisible = 0;
			defaultConfigurationName = Release;
		};
		37AFFB0A25DE5E4400E52897 /* Build configuration list for PBXNativeTarget "DemoUITests" */ = {
			isa = XCConfigurationList;
			buildConfigurations = (
				37AFFB0B25DE5E4400E52897 /* Debug */,
				37AFFB0C25DE5E4400E52897 /* Release */,
			);
			defaultConfigurationIsVisible = 0;
			defaultConfigurationName = Release;
		};
/* End XCConfigurationList section */
	};
	rootObject = 37AFFACD25DE5E4100E52897 /* Project object */;
}
